
Microsoft Visual Studio Solution File, Format Version 12.00
# Visual Studio Version 17
VisualStudioVersion = 17.2.32616.157
MinimumVisualStudioVersion = 10.0.40219.1
Project("{FAE04EC0-301F-11D3-BF4B-00C04F79EFBC}") = "Ecommerce_db", "Ecommerce_db.csproj", "{CA312311-4B60-4A32-83E4-82BE1B8D808C}"
EndProject
Global
	GlobalSection(SolutionConfigurationPlatforms) = preSolution
		Debug|Any CPU = Debug|Any CPU
		Release|Any CPU = Release|Any CPU
	EndGlobalSection
	GlobalSection(ProjectConfigurationPlatforms) = postSolution
		{CA312311-4B60-4A32-83E4-82BE1B8D808C}.Debug|Any CPU.ActiveCfg = Debug|Any CPU
		{CA312311-4B60-4A32-83E4-82BE1B8D808C}.Debug|Any CPU.Build.0 = Debug|Any CPU
		{CA312311-4B60-4A32-83E4-82BE1B8D808C}.Release|Any CPU.ActiveCfg = Release|Any CPU
		{CA312311-4B60-4A32-83E4-82BE1B8D808C}.Release|Any CPU.Build.0 = Release|Any CPU
	EndGlobalSection
	GlobalSection(SolutionProperties) = preSolution
		HideSolutionNode = FALSE
	EndGlobalSection
	GlobalSection(ExtensibilityGlobals) = postSolution
		SolutionGuid = {EBA2C109-ECA5-4DDE-9A58-A3F515A87E55}
	EndGlobalSection
EndGlobal
